{
  "name": "testcafe-reporter-custom",
  "version": "1.0.2",
  "lockfileVersion": 1,
  "requires": true,
  "dependencies": {
    "codependency": {
      "version": "2.1.0",
      "resolved": "https://registry.npmjs.org/codependency/-/codependency-2.1.0.tgz",
      "integrity": "sha512-JIdmYkE8Z6jwH1OUf4a5H5jk9YShPQkaYPUAiN+ktyChmPP77LGbeKrxWGPqdCnpTmt0hRIn8TXBVu01U3HDhg==",
      "requires": {
        "semver": "^5.3.0"
      }
    },
    "semver": {
      "version": "5.7.1",
      "resolved": "https://registry.npmjs.org/semver/-/semver-5.7.1.tgz",
      "integrity": "sha512-sauaDf/PZdVgrLTNYHRtpXa1iRiKcaebiKQ1BJdpQlWH2lCvexQdX55snPFyK7QzpudqbCI0qXFfOasHdyNDGQ=="
    }
  }
}
